Microsoft Visual Studio Solution File, Format Version 12.00
# Visual Studio Version 17
VisualStudioVersion = 17.5.2.0
MinimumVisualStudioVersion = 10.0.40219.1
Project("{FAE04EC0-301F-11D3-BF4B-00C04F79EFBC}") = "workout_hub_backend", "workout_hub_backend.csproj", "{8A17C4A8-2367-6906-DCC3-A8BE00EDE3DD}"
EndProject
Global
	GlobalSection(SolutionConfigurationPlatforms) = preSolution
		Debug|Any CPU = Debug|Any CPU
		Release|Any CPU = Release|Any CPU
	EndGlobalSection
	GlobalSection(ProjectConfigurationPlatforms) = postSolution
		{8A17C4A8-2367-6906-DCC3-A8BE00EDE3DD}.Debug|Any CPU.ActiveCfg = Debug|Any CPU
		{8A17C4A8-2367-6906-DCC3-A8BE00EDE3DD}.Debug|Any CPU.Build.0 = Debug|Any CPU
		{8A17C4A8-2367-6906-DCC3-A8BE00EDE3DD}.Release|Any CPU.ActiveCfg = Release|Any CPU
		{8A17C4A8-2367-6906-DCC3-A8BE00EDE3DD}.Release|Any CPU.Build.0 = Release|Any CPU
	EndGlobalSection
	GlobalSection(SolutionProperties) = preSolution
		HideSolutionNode = FALSE
	EndGlobalSection
	GlobalSection(ExtensibilityGlobals) = postSolution
		SolutionGuid = {0C6E6D7C-06A6-466D-B020-FAA4639BDA05}
	EndGlobalSection
EndGlobal
